
Microsoft Visual Studio Solution File, Format Version 12.00
# Visual Studio Version 17
VisualStudioVersion = 17.4.33213.308
MinimumVisualStudioVersion = 10.0.40219.1
Project("{FAE04EC0-301F-11D3-BF4B-00C04F79EFBC}") = "JaggedArray", "JaggedArray\JaggedArray.csproj", "{AA5A0372-480F-4947-8E15-D8D90D445F61}"
EndProject
Global
	GlobalSection(SolutionConfigurationPlatforms) = preSolution
		Debug|Any CPU = Debug|Any CPU
		Release|Any CPU = Release|Any CPU
	EndGlobalSection
	GlobalSection(ProjectConfigurationPlatforms) = postSolution
		{AA5A0372-480F-4947-8E15-D8D90D445F61}.Debug|Any CPU.ActiveCfg = Debug|Any CPU
		{AA5A0372-480F-4947-8E15-D8D90D445F61}.Debug|Any CPU.Build.0 = Debug|Any CPU
		{AA5A0372-480F-4947-8E15-D8D90D445F61}.Release|Any CPU.ActiveCfg = Release|Any CPU
		{AA5A0372-480F-4947-8E15-D8D90D445F61}.Release|Any CPU.Build.0 = Release|Any CPU
	EndGlobalSection
	GlobalSection(SolutionProperties) = preSolution
		HideSolutionNode = FALSE
	EndGlobalSection
	GlobalSection(ExtensibilityGlobals) = postSolution
		SolutionGuid = {C6C44236-87FF-4E54-80C1-0AA30DF29653}
	EndGlobalSection
EndGlobal
