
Microsoft Visual Studio Solution File, Format Version 12.00
# Visual Studio Version 17
VisualStudioVersion = 17.4.33213.308
MinimumVisualStudioVersion = 10.0.40219.1
Project("{FAE04EC0-301F-11D3-BF4B-00C04F79EFBC}") = "Array", "Array\Array.csproj", "{930C32A7-9A1B-4E04-A120-D1880A6E9293}"
EndProject
Global
	GlobalSection(SolutionConfigurationPlatforms) = preSolution
		Debug|Any CPU = Debug|Any CPU
		Release|Any CPU = Release|Any CPU
	EndGlobalSection
	GlobalSection(ProjectConfigurationPlatforms) = postSolution
		{930C32A7-9A1B-4E04-A120-D1880A6E9293}.Debug|Any CPU.ActiveCfg = Debug|Any CPU
		{930C32A7-9A1B-4E04-A120-D1880A6E9293}.Debug|Any CPU.Build.0 = Debug|Any CPU
		{930C32A7-9A1B-4E04-A120-D1880A6E9293}.Release|Any CPU.ActiveCfg = Release|Any CPU
		{930C32A7-9A1B-4E04-A120-D1880A6E9293}.Release|Any CPU.Build.0 = Release|Any CPU
	EndGlobalSection
	GlobalSection(SolutionProperties) = preSolution
		HideSolutionNode = FALSE
	EndGlobalSection
	GlobalSection(ExtensibilityGlobals) = postSolution
		SolutionGuid = {62CE88A6-3429-44BD-A4CB-7897EB21655D}
	EndGlobalSection
EndGlobal
