
Microsoft Visual Studio Solution File, Format Version 12.00
# Visual Studio Version 17
VisualStudioVersion = 17.4.33213.308
MinimumVisualStudioVersion = 10.0.40219.1
Project("{FAE04EC0-301F-11D3-BF4B-00C04F79EFBC}") = "WFAStartf", "WFAStartf\WFAStartf.csproj", "{D70056E3-C587-4EB7-8BAC-8E558AB3F167}"
EndProject
Global
	GlobalSection(SolutionConfigurationPlatforms) = preSolution
		Debug|Any CPU = Debug|Any CPU
		Release|Any CPU = Release|Any CPU
	EndGlobalSection
	GlobalSection(ProjectConfigurationPlatforms) = postSolution
		{D70056E3-C587-4EB7-8BAC-8E558AB3F167}.Debug|Any CPU.ActiveCfg = Debug|Any CPU
		{D70056E3-C587-4EB7-8BAC-8E558AB3F167}.Debug|Any CPU.Build.0 = Debug|Any CPU
		{D70056E3-C587-4EB7-8BAC-8E558AB3F167}.Release|Any CPU.ActiveCfg = Release|Any CPU
		{D70056E3-C587-4EB7-8BAC-8E558AB3F167}.Release|Any CPU.Build.0 = Release|Any CPU
	EndGlobalSection
	GlobalSection(SolutionProperties) = preSolution
		HideSolutionNode = FALSE
	EndGlobalSection
	GlobalSection(ExtensibilityGlobals) = postSolution
		SolutionGuid = {35973A80-2137-4B12-828D-6951EE135C4E}
	EndGlobalSection
EndGlobal
