
Microsoft Visual Studio Solution File, Format Version 12.00
# Visual Studio Version 17
VisualStudioVersion = 17.4.33213.308
MinimumVisualStudioVersion = 10.0.40219.1
Project("{FAE04EC0-301F-11D3-BF4B-00C04F79EFBC}") = "Variable", "Variable\Variable.csproj", "{12C8EB67-EC38-49B6-A3E0-901408493569}"
EndProject
Global
	GlobalSection(SolutionConfigurationPlatforms) = preSolution
		Debug|Any CPU = Debug|Any CPU
		Release|Any CPU = Release|Any CPU
	EndGlobalSection
	GlobalSection(ProjectConfigurationPlatforms) = postSolution
		{12C8EB67-EC38-49B6-A3E0-901408493569}.Debug|Any CPU.ActiveCfg = Debug|Any CPU
		{12C8EB67-EC38-49B6-A3E0-901408493569}.Debug|Any CPU.Build.0 = Debug|Any CPU
		{12C8EB67-EC38-49B6-A3E0-901408493569}.Release|Any CPU.ActiveCfg = Release|Any CPU
		{12C8EB67-EC38-49B6-A3E0-901408493569}.Release|Any CPU.Build.0 = Release|Any CPU
	EndGlobalSection
	GlobalSection(SolutionProperties) = preSolution
		HideSolutionNode = FALSE
	EndGlobalSection
	GlobalSection(ExtensibilityGlobals) = postSolution
		SolutionGuid = {3162A08D-FDF5-4AB6-AF2C-837780F7A32A}
	EndGlobalSection
EndGlobal
